PODS:
  - CocoaLumberjack (1.6.5.1):
    - CocoaLumberjack/Core
    - CocoaLumberjack/Extensions
  - CocoaLumberjack/Core (1.6.5.1)
  - CocoaLumberjack/Extensions (1.6.5.1):
    - CocoaLumberjack/Core
  - JSMessagesViewController (4.0.2):
    - JSQSystemSoundPlayer
  - JSQSystemSoundPlayer (1.4.0)
  - SQLCipher (3.0.1):
    - SQLCipher/standard
  - SQLCipher/standard (3.0.1)
  - YapDatabase/common (2.4):
    - CocoaLumberjack (~> 1.6.3)
  - YapDatabase/SQLCipher (2.4):
    - SQLCipher
    - YapDatabase/common

DEPENDENCIES:
  - JSMessagesViewController (~> 4.0)
  - YapDatabase/SQLCipher (from `Submodules/YapDatabase`)

EXTERNAL SOURCES:
  YapDatabase:
    :path: Submodules/YapDatabase

SPEC CHECKSUMS:
  CocoaLumberjack: 17803afbade3126a377d32b8d23367264b44ced6
  JSMessagesViewController: 901c4f7b805e0990705d92eee8069562ac85bf9b
  JSQSystemSoundPlayer: 28ccd01a92a0cebc6de6361e8499011b4cb6dab7
  SQLCipher: 006f125d9b85e32ee6242b41adb68f0f5cbc4aa9
  YapDatabase: 9b7e386750816fedd99f552df14341966f6cee96

COCOAPODS: 0.29.0
